dependencies:
- name: postgresql
  repository: https://charts.bitnami.com/bitnami
  version: 18.5.12
- name: redis
  repository: https://codeadminde.github.io/helm-charts
  version: 0.4.1
- name: libchart-cnps
  repository: https://codeadminde.github.io/helm-charts
  version: 0.2.1
digest: sha256:794508343c1b911e899905fb784879368da488b61fea4d54f2b1e9e08e7bd2f4
generated: "2026-03-23T16:28:11.415907038Z"
