dependencies:
- name: postgresql
  repository: https://charts.bitnami.com/bitnami
  version: 18.5.7
- name: redis
  repository: https://codeadminde.github.io/helm-charts
  version: 0.4.1
- name: libchart-cnps
  repository: https://codeadminde.github.io/helm-charts
  version: 0.2.1
digest: sha256:851e3f8bbb18863bcc730e367acc87833671c160aa4ff9b6e186092aca2b6b62
generated: "2026-03-18T00:47:10.980747722Z"
